
Microsoft Visual Studio Solution File, Format Version 12.00
# Visual Studio 14
VisualStudioVersion = 14.0.25123.0
MinimumVisualStudioVersion = 10.0.40219.1
Project("{FAE04EC0-301F-11D3-BF4B-00C04F79EFBC}") = "Playground", "CSharpPlayground\Playground.csproj", "{71063823-15CA-4442-856A-B6CB535B4355}"
EndProject
Project("{2150E333-8FDC-42A3-9474-1A3956D46DE8}") = "Tests", "Tests", "{E85C3FF6-98E4-444B-8202-948B0D1DE339}"
EndProject
Project("{FAE04EC0-301F-11D3-BF4B-00C04F79EFBC}") = "UnitTests", "Tests\UnitTests\UnitTests.csproj", "{2990FD10-0F06-4BE3-B729-31F4576D7FE7}"
EndProject
Global
	GlobalSection(SolutionConfigurationPlatforms) = preSolution
		Debug|Any CPU = Debug|Any CPU
		Release|Any CPU = Release|Any CPU
	EndGlobalSection
	GlobalSection(ProjectConfigurationPlatforms) = postSolution
		{71063823-15CA-4442-856A-B6CB535B4355}.Debug|Any CPU.ActiveCfg = Debug|Any CPU
		{71063823-15CA-4442-856A-B6CB535B4355}.Debug|Any CPU.Build.0 = Debug|Any CPU
		{71063823-15CA-4442-856A-B6CB535B4355}.Release|Any CPU.ActiveCfg = Release|Any CPU
		{71063823-15CA-4442-856A-B6CB535B4355}.Release|Any CPU.Build.0 = Release|Any CPU
		{2990FD10-0F06-4BE3-B729-31F4576D7FE7}.Debug|Any CPU.ActiveCfg = Debug|Any CPU
		{2990FD10-0F06-4BE3-B729-31F4576D7FE7}.Debug|Any CPU.Build.0 = Debug|Any CPU
		{2990FD10-0F06-4BE3-B729-31F4576D7FE7}.Release|Any CPU.ActiveCfg = Release|Any CPU
		{2990FD10-0F06-4BE3-B729-31F4576D7FE7}.Release|Any CPU.Build.0 = Release|Any CPU
	EndGlobalSection
	GlobalSection(SolutionProperties) = preSolution
		HideSolutionNode = FALSE
	EndGlobalSection
	GlobalSection(NestedProjects) = preSolution
		{2990FD10-0F06-4BE3-B729-31F4576D7FE7} = {E85C3FF6-98E4-444B-8202-948B0D1DE339}
	EndGlobalSection
EndGlobal
